
Microsoft Visual Studio Solution File, Format Version 12.00
# Visual Studio Version 17
VisualStudioVersion = 17.3.32929.385
MinimumVisualStudioVersion = 10.0.40219.1
Project("{FAE04EC0-301F-11D3-BF4B-00C04F79EFBC}") = "Sudoku Solver", "Sudoku Solver.csproj", "{DB3F1B46-2C42-4847-98E4-9BBA6296E4B2}"
EndProject
Global
	GlobalSection(SolutionConfigurationPlatforms) = preSolution
		Debug|Any CPU = Debug|Any CPU
		Release|Any CPU = Release|Any CPU
	EndGlobalSection
	GlobalSection(ProjectConfigurationPlatforms) = postSolution
		{DB3F1B46-2C42-4847-98E4-9BBA6296E4B2}.Debug|Any CPU.ActiveCfg = Debug|Any CPU
		{DB3F1B46-2C42-4847-98E4-9BBA6296E4B2}.Debug|Any CPU.Build.0 = Debug|Any CPU
		{DB3F1B46-2C42-4847-98E4-9BBA6296E4B2}.Release|Any CPU.ActiveCfg = Release|Any CPU
		{DB3F1B46-2C42-4847-98E4-9BBA6296E4B2}.Release|Any CPU.Build.0 = Release|Any CPU
	EndGlobalSection
	GlobalSection(SolutionProperties) = preSolution
		HideSolutionNode = FALSE
	EndGlobalSection
	GlobalSection(ExtensibilityGlobals) = postSolution
		SolutionGuid = {8C2A90C9-071E-4984-86E3-0AEB37EA8B74}
	EndGlobalSection
EndGlobal
